
Microsoft Visual Studio Solution File, Format Version 12.00
# Visual Studio Version 17
VisualStudioVersion = 17.0.31903.59
MinimumVisualStudioVersion = 10.0.40219.1
Project("{FAE04EC0-301F-11D3-BF4B-00C04F79EFBC}") = "Employee", "Employee\Employee.csproj", "{120741B3-59C3-4EFB-BB03-8D9AF941059F}"
EndProject
Global
	GlobalSection(SolutionConfigurationPlatforms) = preSolution
		Debug|Any CPU = Debug|Any CPU
		Release|Any CPU = Release|Any CPU
	EndGlobalSection
	GlobalSection(ProjectConfigurationPlatforms) = postSolution
		{120741B3-59C3-4EFB-BB03-8D9AF941059F}.Debug|Any CPU.ActiveCfg = Debug|Any CPU
		{120741B3-59C3-4EFB-BB03-8D9AF941059F}.Debug|Any CPU.Build.0 = Debug|Any CPU
		{120741B3-59C3-4EFB-BB03-8D9AF941059F}.Release|Any CPU.ActiveCfg = Release|Any CPU
		{120741B3-59C3-4EFB-BB03-8D9AF941059F}.Release|Any CPU.Build.0 = Release|Any CPU
	EndGlobalSection
	GlobalSection(SolutionProperties) = preSolution
		HideSolutionNode = FALSE
	EndGlobalSection
	GlobalSection(ExtensibilityGlobals) = postSolution
		SolutionGuid = {78C0C6BA-3B74-48C7-B9D8-EE5B50EBE291}
	EndGlobalSection
EndGlobal
